version = 1
revision = 3
requires-python = ">=3.11"

[[package]]
name = "et-xmlfile"
version = "2.0.0"
source = { registry = "https://pypi.org/simple" }
sdist = { url = "https://files.pythonhosted.org/packages/d3/38/af70d7ab1ae9d4da450eeec1fa3918940a5fafb9055e934af8d6eb0c2313/et_xmlfile-2.0.0.tar.gz", hash = "sha256:dab3f4764309081ce75662649be815c4c9081e88f0837825f90fd28317d4da54", size = 17234, upload-time = "2024-10-25T17:25:40.039Z" }
wheels = [
    { url = "https://files.pythonhosted.org/packages/c1/8b/5fe2cc11fee489817272089c4203e679c63b570a5aaeb18d852ae3cbba6a/et_xmlfile-2.0.0-py3-none-any.whl", hash = "sha256:7a91720bc756843502c3b7504c77b8fe44217c85c537d85037f0f536151b2caa", size = 18059, upload-time = "2024-10-25T17:25:39.051Z" },
]

[[package]]
name = "multiping"
version = "1.1.2"
source = { registry = "https://pypi.org/simple" }
sdist = { url = "https://files.pythonhosted.org/packages/5e/2d/58d80a082f1985c83db0c9927fccb3108cfc6c384d5c55b107a3066eea6b/multiping-1.1.2.tar.gz", hash = "sha256:9ecad777ca27c4415cd685957bafaaa0faf4f17f9419800e9f57a298201f2e5d", size = 9418, upload-time = "2018-05-24T20:13:19.986Z" }
wheels = [
    { url = "https://files.pythonhosted.org/packages/0f/24/faf5dbe59c49b7a4b6f283d22443cfe8f8bd63c0e8fc8ff34250b00c5bf0/multiping-1.1.2-py2.py3-none-any.whl", hash = "sha256:8bad44be68db553efedc46c6af51a49660b19e6731bfe53311dddfdf30397b25", size = 11626, upload-time = "2018-05-24T20:13:18.551Z" },
]

[[package]]
name = "openpyxl"
version = "3.1.5"
source = { registry = "https://pypi.org/simple" }
dependencies = [
    { name = "et-xmlfile" },
]
sdist = { url = "https://files.pythonhosted.org/packages/3d/f9/88d94a75de065ea32619465d2f77b29a0469500e99012523b91cc4141cd1/openpyxl-3.1.5.tar.gz", hash = "sha256:cf0e3cf56142039133628b5acffe8ef0c12bc902d2aadd3e0fe5878dc08d1050", size = 186464, upload-time = "2024-06-28T14:03:44.161Z" }
wheels = [
    { url = "https://files.pythonhosted.org/packages/c0/da/977ded879c29cbd04de313843e76868e6e13408a94ed6b987245dc7c8506/openpyxl-3.1.5-py2.py3-none-any.whl", hash = "sha256:5282c12b107bffeef825f4617dc029afaf41d0ea60823bbb665ef3079dc79de2", size = 250910, upload-time = "2024-06-28T14:03:41.161Z" },
]

[[package]]
name = "repl-nix-workspace"
version = "0.1.0"
source = { virtual = "." }
dependencies = [
    { name = "multiping" },
    { name = "openpyxl" },
]

[package.metadata]
requires-dist = [
    { name = "multiping", specifier = ">=1.1.2" },
    { name = "openpyxl", specifier = ">=3.1.5" },
]
